
Microsoft Visual Studio Solution File, Format Version 12.00
# Visual Studio Version 17
VisualStudioVersion = 17.11.35327.3
MinimumVisualStudioVersion = 10.0.40219.1
Project("{F2A71F9B-5D33-465A-A702-920D77279786}") = "Lab4", "Lab4.fsproj", "{DC4B5C67-1B2C-4EBE-AE11-293482FA8838}"
EndProject
Global
	GlobalSection(SolutionConfigurationPlatforms) = preSolution
		Debug|Any CPU = Debug|Any CPU
		Release|Any CPU = Release|Any CPU
	EndGlobalSection
	GlobalSection(ProjectConfigurationPlatforms) = postSolution
		{DC4B5C67-1B2C-4EBE-AE11-293482FA8838}.Debug|Any CPU.ActiveCfg = Debug|Any CPU
		{DC4B5C67-1B2C-4EBE-AE11-293482FA8838}.Debug|Any CPU.Build.0 = Debug|Any CPU
		{DC4B5C67-1B2C-4EBE-AE11-293482FA8838}.Release|Any CPU.ActiveCfg = Release|Any CPU
		{DC4B5C67-1B2C-4EBE-AE11-293482FA8838}.Release|Any CPU.Build.0 = Release|Any CPU
	EndGlobalSection
	GlobalSection(SolutionProperties) = preSolution
		HideSolutionNode = FALSE
	EndGlobalSection
	GlobalSection(ExtensibilityGlobals) = postSolution
		SolutionGuid = {6A8333C5-8110-46EF-A25D-1E116365D553}
	EndGlobalSection
EndGlobal
